
Microsoft Visual Studio Solution File, Format Version 12.00
# Visual Studio Version 17
VisualStudioVersion = 17.0.31903.59
MinimumVisualStudioVersion = 10.0.40219.1
Project("{9A19103F-16F7-4668-BE54-9A1E7A4F7556}") = "telnet_cs", "telnet_cs\telnet_cs.csproj", "{80D6CAB7-654A-46B7-8BFE-096F9E629902}"
EndProject
Project("{9A19103F-16F7-4668-BE54-9A1E7A4F7556}") = "telnet_cs.Tests", "telnet_cs.Tests\telnet_cs.Tests.csproj", "{069F6184-C056-4ECA-8504-0311E844087E}"
EndProject
Project("{2150E333-8FDC-42A3-9474-1A3956D46DE8}") = "src", "src", "{2A3E8255-5B2F-4D69-A61A-0EBE574119F5}"
EndProject
Project("{2150E333-8FDC-42A3-9474-1A3956D46DE8}") = "tests", "tests", "{ED6636F5-CBF0-42B8-A150-B401D015872A}"
EndProject
Project("{FAE04EC0-301F-11D3-BF4B-00C04F79EFBC}") = "telnet_cs.Fuzz", "telnet_cs.Fuzz\telnet_cs.Fuzz.csproj", "{C3969D64-AF58-40CF-AF39-9E12A274857C}"
EndProject
Global
	GlobalSection(SolutionConfigurationPlatforms) = preSolution
		Debug|Any CPU = Debug|Any CPU
		Debug|x64 = Debug|x64
		Debug|x86 = Debug|x86
		Release|Any CPU = Release|Any CPU
		Release|x64 = Release|x64
		Release|x86 = Release|x86
	EndGlobalSection
	GlobalSection(ProjectConfigurationPlatforms) = postSolution
		{80D6CAB7-654A-46B7-8BFE-096F9E629902}.Debug|Any CPU.ActiveCfg = Debug|Any CPU
		{80D6CAB7-654A-46B7-8BFE-096F9E629902}.Debug|Any CPU.Build.0 = Debug|Any CPU
		{80D6CAB7-654A-46B7-8BFE-096F9E629902}.Debug|x64.ActiveCfg = Debug|Any CPU
		{80D6CAB7-654A-46B7-8BFE-096F9E629902}.Debug|x64.Build.0 = Debug|Any CPU
		{80D6CAB7-654A-46B7-8BFE-096F9E629902}.Debug|x86.ActiveCfg = Debug|Any CPU
		{80D6CAB7-654A-46B7-8BFE-096F9E629902}.Debug|x86.Build.0 = Debug|Any CPU
		{80D6CAB7-654A-46B7-8BFE-096F9E629902}.Release|Any CPU.ActiveCfg = Release|Any CPU
		{80D6CAB7-654A-46B7-8BFE-096F9E629902}.Release|Any CPU.Build.0 = Release|Any CPU
		{80D6CAB7-654A-46B7-8BFE-096F9E629902}.Release|x64.ActiveCfg = Release|Any CPU
		{80D6CAB7-654A-46B7-8BFE-096F9E629902}.Release|x64.Build.0 = Release|Any CPU
		{80D6CAB7-654A-46B7-8BFE-096F9E629902}.Release|x86.ActiveCfg = Release|Any CPU
		{80D6CAB7-654A-46B7-8BFE-096F9E629902}.Release|x86.Build.0 = Release|Any CPU
		{069F6184-C056-4ECA-8504-0311E844087E}.Debug|Any CPU.ActiveCfg = Debug|Any CPU
		{069F6184-C056-4ECA-8504-0311E844087E}.Debug|Any CPU.Build.0 = Debug|Any CPU
		{069F6184-C056-4ECA-8504-0311E844087E}.Debug|x64.ActiveCfg = Debug|Any CPU
		{069F6184-C056-4ECA-8504-0311E844087E}.Debug|x64.Build.0 = Debug|Any CPU
		{069F6184-C056-4ECA-8504-0311E844087E}.Debug|x86.ActiveCfg = Debug|Any CPU
		{069F6184-C056-4ECA-8504-0311E844087E}.Debug|x86.Build.0 = Debug|Any CPU
		{069F6184-C056-4ECA-8504-0311E844087E}.Release|Any CPU.ActiveCfg = Release|Any CPU
		{069F6184-C056-4ECA-8504-0311E844087E}.Release|Any CPU.Build.0 = Release|Any CPU
		{069F6184-C056-4ECA-8504-0311E844087E}.Release|x64.ActiveCfg = Release|Any CPU
		{069F6184-C056-4ECA-8504-0311E844087E}.Release|x64.Build.0 = Release|Any CPU
		{069F6184-C056-4ECA-8504-0311E844087E}.Release|x86.ActiveCfg = Release|Any CPU
		{069F6184-C056-4ECA-8504-0311E844087E}.Release|x86.Build.0 = Release|Any CPU
		{C3969D64-AF58-40CF-AF39-9E12A274857C}.Debug|Any CPU.ActiveCfg = Debug|Any CPU
		{C3969D64-AF58-40CF-AF39-9E12A274857C}.Debug|Any CPU.Build.0 = Debug|Any CPU
		{C3969D64-AF58-40CF-AF39-9E12A274857C}.Debug|x64.ActiveCfg = Debug|Any CPU
		{C3969D64-AF58-40CF-AF39-9E12A274857C}.Debug|x64.Build.0 = Debug|Any CPU
		{C3969D64-AF58-40CF-AF39-9E12A274857C}.Debug|x86.ActiveCfg = Debug|Any CPU
		{C3969D64-AF58-40CF-AF39-9E12A274857C}.Debug|x86.Build.0 = Debug|Any CPU
		{C3969D64-AF58-40CF-AF39-9E12A274857C}.Release|Any CPU.ActiveCfg = Release|Any CPU
		{C3969D64-AF58-40CF-AF39-9E12A274857C}.Release|Any CPU.Build.0 = Release|Any CPU
		{C3969D64-AF58-40CF-AF39-9E12A274857C}.Release|x64.ActiveCfg = Release|Any CPU
		{C3969D64-AF58-40CF-AF39-9E12A274857C}.Release|x64.Build.0 = Release|Any CPU
		{C3969D64-AF58-40CF-AF39-9E12A274857C}.Release|x86.ActiveCfg = Release|Any CPU
		{C3969D64-AF58-40CF-AF39-9E12A274857C}.Release|x86.Build.0 = Release|Any CPU
	EndGlobalSection
	GlobalSection(SolutionProperties) = preSolution
		HideSolutionNode = FALSE
	EndGlobalSection
	GlobalSection(NestedProjects) = preSolution
		{80D6CAB7-654A-46B7-8BFE-096F9E629902} = {2A3E8255-5B2F-4D69-A61A-0EBE574119F5}
		{069F6184-C056-4ECA-8504-0311E844087E} = {ED6636F5-CBF0-42B8-A150-B401D015872A}
	EndGlobalSection
	GlobalSection(ExtensibilityGlobals) = postSolution
		SolutionGuid = {4BAA646F-C205-4CEC-891B-180EE216F973}
	EndGlobalSection
EndGlobal
